
Microsoft Visual Studio Solution File, Format Version 12.00
# Visual Studio 14
VisualStudioVersion = 14.0.24720.0
MinimumVisualStudioVersion = 10.0.40219.1
Project("{FAE04EC0-301F-11D3-BF4B-00C04F79EFBC}") = "CormenAlgorithms.Ch4DivideNConquer", "CormenAlgorithms.Ch4DivideNConquer\CormenAlgorithms.Ch4DivideNConquer.csproj", "{01051028-4A09-4FFC-AB27-ED733A83B1F3}"
EndProject
Project("{FAE04EC0-301F-11D3-BF4B-00C04F79EFBC}") = "CormenAlgorithms.Ch4DivideNConquer.Tests", "CormenAlgorithms.Ch4DivideNConquer.Tests\CormenAlgorithms.Ch4DivideNConquer.Tests.csproj", "{CC750E29-C9EE-45A8-AC0F-C15459D47BB6}"
EndProject
Project("{FAE04EC0-301F-11D3-BF4B-00C04F79EFBC}") = "CormenAlgorithms.Common", "..\CormenAlgorithms.Common\CormenAlgorithms.Common\CormenAlgorithms.Common.csproj", "{5B544B97-39F0-4280-A3F2-AF1FF0EF4932}"
EndProject
Global
	GlobalSection(SolutionConfigurationPlatforms) = preSolution
		Debug|Any CPU = Debug|Any CPU
		Release|Any CPU = Release|Any CPU
	EndGlobalSection
	GlobalSection(ProjectConfigurationPlatforms) = postSolution
		{01051028-4A09-4FFC-AB27-ED733A83B1F3}.Debug|Any CPU.ActiveCfg = Debug|Any CPU
		{01051028-4A09-4FFC-AB27-ED733A83B1F3}.Debug|Any CPU.Build.0 = Debug|Any CPU
		{01051028-4A09-4FFC-AB27-ED733A83B1F3}.Release|Any CPU.ActiveCfg = Release|Any CPU
		{01051028-4A09-4FFC-AB27-ED733A83B1F3}.Release|Any CPU.Build.0 = Release|Any CPU
		{CC750E29-C9EE-45A8-AC0F-C15459D47BB6}.Debug|Any CPU.ActiveCfg = Debug|Any CPU
		{CC750E29-C9EE-45A8-AC0F-C15459D47BB6}.Debug|Any CPU.Build.0 = Debug|Any CPU
		{CC750E29-C9EE-45A8-AC0F-C15459D47BB6}.Release|Any CPU.ActiveCfg = Release|Any CPU
		{CC750E29-C9EE-45A8-AC0F-C15459D47BB6}.Release|Any CPU.Build.0 = Release|Any CPU
		{5B544B97-39F0-4280-A3F2-AF1FF0EF4932}.Debug|Any CPU.ActiveCfg = Debug|Any CPU
		{5B544B97-39F0-4280-A3F2-AF1FF0EF4932}.Debug|Any CPU.Build.0 = Debug|Any CPU
		{5B544B97-39F0-4280-A3F2-AF1FF0EF4932}.Release|Any CPU.ActiveCfg = Release|Any CPU
		{5B544B97-39F0-4280-A3F2-AF1FF0EF4932}.Release|Any CPU.Build.0 = Release|Any CPU
	EndGlobalSection
	GlobalSection(SolutionProperties) = preSolution
		HideSolutionNode = FALSE
	EndGlobalSection
EndGlobal
